// !$*UTF8*$!
{
	archiveVersion = 1;
	classes = {
	};
	objectVersion = 50;
	objects = {

/* Begin PBXBuildFile section */
		0DE8FAFEAF0A800A90475131 /* libPods-SunsetSunrise.a in Frameworks */ = {isa = PBXBuildFile; fileRef = 9D082E636ABBB76915319458 /* libPods-SunsetSunrise.a */; };
		9E2CA7A72267356600AA2093 /* AppDelegate.swift in Sources */ = {isa = PBXBuildFile; fileRef = 9E2CA7A62267356600AA2093 /* AppDelegate.swift */; };
		9E2CA7A92267356600AA2093 /* MainViewController.swift in Sources */ = {isa = PBXBuildFile; fileRef = 9E2CA7A82267356600AA2093 /* MainViewController.swift */; };
		9E2CA7AC2267356600AA2093 /* Main.storyboard in Resources */ = {isa = PBXBuildFile; fileRef = 9E2CA7AA2267356600AA2093 /* Main.storyboard */; };
		9E2CA7AE2267356900AA2093 /* Assets.xcassets in Resources */ = {isa = PBXBuildFile; fileRef = 9E2CA7AD2267356900AA2093 /* Assets.xcassets */; };
		9E2CA7B12267356900AA2093 /* LaunchScreen.storyboard in Resources */ = {isa = PBXBuildFile; fileRef = 9E2CA7AF2267356900AA2093 /* LaunchScreen.storyboard */; };
		9E2CA7BC226755E800AA2093 /* MapLocationViewController.swift in Sources */ = {isa = PBXBuildFile; fileRef = 9E2CA7BB226755E800AA2093 /* MapLocationViewController.swift */; };
		9E2CA7BE2267562400AA2093 /* DataDisplayViewController.swift in Sources */ = {isa = PBXBuildFile; fileRef = 9E2CA7BD2267562400AA2093 /* DataDisplayViewController.swift */; };
		9E2CA7C222677E1C00AA2093 /* Podfile in Resources */ = {isa = PBXBuildFile; fileRef = 9E2CA7C122677E1C00AA2093 /* Podfile */; };
		9E2CA7C422678AF900AA2093 /* SetupDataViewController.swift in Sources */ = {isa = PBXBuildFile; fileRef = 9E2CA7C322678AF900AA2093 /* SetupDataViewController.swift */; };
		9E2CA7C62267DA4B00AA2093 /* PopUpDatePickViewController.swift in Sources */ = {isa = PBXBuildFile; fileRef = 9E2CA7C52267DA4B00AA2093 /* PopUpDatePickViewController.swift */; };
		9E2CA7C82267EA1E00AA2093 /* LocationDate.swift in Sources */ = {isa = PBXBuildFile; fileRef = 9E2CA7C72267EA1E00AA2093 /* LocationDate.swift */; };
		9E2CA7CA2267EA3F00AA2093 /* SunInfo.swift in Sources */ = {isa = PBXBuildFile; fileRef = 9E2CA7C92267EA3F00AA2093 /* SunInfo.swift */; };
		9E2CA7CE22688FFF00AA2093 /* ModelController.swift in Sources */ = {isa = PBXBuildFile; fileRef = 9E2CA7CD22688FFF00AA2093 /* ModelController.swift */; };
		9E2CA7D02268C0FB00AA2093 /* RequestURL.swift in Sources */ = {isa = PBXBuildFile; fileRef = 9E2CA7CF2268C0FB00AA2093 /* RequestURL.swift */; };
		9E2CA7D52268E55C00AA2093 /* FetchSunInfo.swift in Sources */ = {isa = PBXBuildFile; fileRef = 9E2CA7D42268E55C00AA2093 /* FetchSunInfo.swift */; };
		9E2CA7DF2269935300AA2093 /* ViewControllerExtension.swift in Sources */ = {isa = PBXBuildFile; fileRef = 9E2CA7DE2269935300AA2093 /* ViewControllerExtension.swift */; };
		9E2CA7E12269A86D00AA2093 /* CoreLocationManager.swift in Sources */ = {isa = PBXBuildFile; fileRef = 9E2CA7E02269A86D00AA2093 /* CoreLocationManager.swift */; };
/* End PBXBuildFile section */

/* Begin PBXFileReference section */
		2C1957ACF14A0AC3B1CE134F /* Pods-SunsetSunrise.release.xcconfig */ = {isa = PBXFileReference; includeInIndex = 1; lastKnownFileType = text.xcconfig; name = "Pods-SunsetSunrise.release.xcconfig"; path = "Target Support Files/Pods-SunsetSunrise/Pods-SunsetSunrise.release.xcconfig"; sourceTree = "<group>"; };
		9D082E636ABBB76915319458 /* libPods-SunsetSunrise.a */ = {isa = PBXFileReference; explicitFileType = archive.ar; includeInIndex = 0; path = "libPods-SunsetSunrise.a"; sourceTree = BUILT_PRODUCTS_DIR; };
		9E2CA7A32267356600AA2093 /* SunsetSunrise.app */ = {isa = PBXFileReference; explicitFileType = wrapper.application; includeInIndex = 0; path = SunsetSunrise.app; sourceTree = BUILT_PRODUCTS_DIR; };
		9E2CA7A62267356600AA2093 /* AppDelegate.swift */ = {isa = PBXFileReference; lastKnownFileType = sourcecode.swift; path = AppDelegate.swift; sourceTree = "<group>"; };
		9E2CA7A82267356600AA2093 /* MainViewController.swift */ = {isa = PBXFileReference; lastKnownFileType = sourcecode.swift; path = MainViewController.swift; sourceTree = "<group>"; };
		9E2CA7AB2267356600AA2093 /* Base */ = {isa = PBXFileReference; lastKnownFileType = file.storyboard; name = Base; path = Base.lproj/Main.storyboard; sourceTree = "<group>"; };
		9E2CA7AD2267356900AA2093 /* Assets.xcassets */ = {isa = PBXFileReference; lastKnownFileType = folder.assetcatalog; path = Assets.xcassets; sourceTree = "<group>"; };
		9E2CA7B02267356900AA2093 /* Base */ = {isa = PBXFileReference; lastKnownFileType = file.storyboard; name = Base; path = Base.lproj/LaunchScreen.storyboard; sourceTree = "<group>"; };
		9E2CA7B22267356900AA2093 /* Info.plist */ = {isa = PBXFileReference; lastKnownFileType = text.plist.xml; path = Info.plist; sourceTree = "<group>"; };
		9E2CA7BB226755E800AA2093 /* MapLocationViewController.swift */ = {isa = PBXFileReference; lastKnownFileType = sourcecode.swift; path = MapLocationViewController.swift; sourceTree = "<group>"; };
		9E2CA7BD2267562400AA2093 /* DataDisplayViewController.swift */ = {isa = PBXFileReference; lastKnownFileType = sourcecode.swift; path = DataDisplayViewController.swift; sourceTree = "<group>"; };
		9E2CA7C122677E1C00AA2093 /* Podfile */ = {isa = PBXFileReference; lastKnownFileType = text; path = Podfile; sourceTree = "<group>"; xcLanguageSpecificationIdentifier = xcode.lang.ruby; };
		9E2CA7C322678AF900AA2093 /* SetupDataViewController.swift */ = {isa = PBXFileReference; lastKnownFileType = sourcecode.swift; path = SetupDataViewController.swift; sourceTree = "<group>"; };
		9E2CA7C52267DA4B00AA2093 /* PopUpDatePickViewController.swift */ = {isa = PBXFileReference; lastKnownFileType = sourcecode.swift; path = PopUpDatePickViewController.swift; sourceTree = "<group>"; };
		9E2CA7C72267EA1E00AA2093 /* LocationDate.swift */ = {isa = PBXFileReference; lastKnownFileType = sourcecode.swift; path = LocationDate.swift; sourceTree = "<group>"; };
		9E2CA7C92267EA3F00AA2093 /* SunInfo.swift */ = {isa = PBXFileReference; lastKnownFileType = sourcecode.swift; path = SunInfo.swift; sourceTree = "<group>"; };
		9E2CA7CD22688FFF00AA2093 /* ModelController.swift */ = {isa = PBXFileReference; lastKnownFileType = sourcecode.swift; path = ModelController.swift; sourceTree = "<group>"; };
		9E2CA7CF2268C0FB00AA2093 /* RequestURL.swift */ = {isa = PBXFileReference; lastKnownFileType = sourcecode.swift; path = RequestURL.swift; sourceTree = "<group>"; };
		9E2CA7D42268E55C00AA2093 /* FetchSunInfo.swift */ = {isa = PBXFileReference; lastKnownFileType = sourcecode.swift; path = FetchSunInfo.swift; sourceTree = "<group>"; };
		9E2CA7DE2269935300AA2093 /* ViewControllerExtension.swift */ = {isa = PBXFileReference; lastKnownFileType = sourcecode.swift; path = ViewControllerExtension.swift; sourceTree = "<group>"; };
		9E2CA7E02269A86D00AA2093 /* CoreLocationManager.swift */ = {isa = PBXFileReference; lastKnownFileType = sourcecode.swift; path = CoreLocationManager.swift; sourceTree = "<group>"; };
		BC53A3888EDA0E28AA2461BE /* Pods-SunsetSunrise.debug.xcconfig */ = {isa = PBXFileReference; includeInIndex = 1; lastKnownFileType = text.xcconfig; name = "Pods-SunsetSunrise.debug.xcconfig"; path = "Target Support Files/Pods-SunsetSunrise/Pods-SunsetSunrise.debug.xcconfig"; sourceTree = "<group>"; };
/* End PBXFileReference section */

/* Begin PBXFrameworksBuildPhase section */
		9E2CA7A02267356600AA2093 /* Frameworks */ = {
			isa = PBXFrameworksBuildPhase;
			buildActionMask = 2147483647;
			files = (
				0DE8FAFEAF0A800A90475131 /* libPods-SunsetSunrise.a in Frameworks */,
			);
			runOnlyForDeploymentPostprocessing = 0;
		};
/* End PBXFrameworksBuildPhase section */

/* Begin PBXGroup section */
		41E60E57C8E707E696EB69BB /* Frameworks */ = {
			isa = PBXGroup;
			children = (
				9D082E636ABBB76915319458 /* libPods-SunsetSunrise.a */,
			);
			name = Frameworks;
			sourceTree = "<group>";
		};
		9E2CA79A2267356600AA2093 = {
			isa = PBXGroup;
			children = (
				9E2CA7C122677E1C00AA2093 /* Podfile */,
				9E2CA7A52267356600AA2093 /* SunsetSunrise */,
				9E2CA7A42267356600AA2093 /* Products */,
				EFB163C16B328893D8BA7F90 /* Pods */,
				41E60E57C8E707E696EB69BB /* Frameworks */,
			);
			sourceTree = "<group>";
		};
		9E2CA7A42267356600AA2093 /* Products */ = {
			isa = PBXGroup;
			children = (
				9E2CA7A32267356600AA2093 /* SunsetSunrise.app */,
			);
			name = Products;
			sourceTree = "<group>";
		};
		9E2CA7A52267356600AA2093 /* SunsetSunrise */ = {
			isa = PBXGroup;
			children = (
				9E2CA7CC22688FEC00AA2093 /* ModelController */,
				9E2CA7CB22686FF200AA2093 /* Networking */,
				9E2CA7B82267554F00AA2093 /* Model */,
				9E2CA7B92267555D00AA2093 /* Extensions */,
				9E2CA7BA2267557700AA2093 /* Controller */,
				9E2CA7A62267356600AA2093 /* AppDelegate.swift */,
				9E2CA7AA2267356600AA2093 /* Main.storyboard */,
				9E2CA7AD2267356900AA2093 /* Assets.xcassets */,
				9E2CA7AF2267356900AA2093 /* LaunchScreen.storyboard */,
				9E2CA7B22267356900AA2093 /* Info.plist */,
			);
			path = SunsetSunrise;
			sourceTree = "<group>";
		};
		9E2CA7B82267554F00AA2093 /* Model */ = {
			isa = PBXGroup;
			children = (
				9E2CA7C72267EA1E00AA2093 /* LocationDate.swift */,
				9E2CA7C92267EA3F00AA2093 /* SunInfo.swift */,
			);
			path = Model;
			sourceTree = "<group>";
		};
		9E2CA7B92267555D00AA2093 /* Extensions */ = {
			isa = PBXGroup;
			children = (
				9E2CA7DE2269935300AA2093 /* ViewControllerExtension.swift */,
				9E2CA7E02269A86D00AA2093 /* CoreLocationManager.swift */,
			);
			path = Extensions;
			sourceTree = "<group>";
		};
		9E2CA7BA2267557700AA2093 /* Controller */ = {
			isa = PBXGroup;
			children = (
				9E2CA7A82267356600AA2093 /* MainViewController.swift */,
				9E2CA7BB226755E800AA2093 /* MapLocationViewController.swift */,
				9E2CA7BD2267562400AA2093 /* DataDisplayViewController.swift */,
				9E2CA7C322678AF900AA2093 /* SetupDataViewController.swift */,
				9E2CA7C52267DA4B00AA2093 /* PopUpDatePickViewController.swift */,
			);
			path = Controller;
			sourceTree = "<group>";
		};
		9E2CA7CB22686FF200AA2093 /* Networking */ = {
			isa = PBXGroup;
			children = (
				9E2CA7CF2268C0FB00AA2093 /* RequestURL.swift */,
				9E2CA7D42268E55C00AA2093 /* FetchSunInfo.swift */,
			);
			path = Networking;
			sourceTree = "<group>";
		};
		9E2CA7CC22688FEC00AA2093 /* ModelController */ = {
			isa = PBXGroup;
			children = (
				9E2CA7CD22688FFF00AA2093 /* ModelController.swift */,
			);
			path = ModelController;
			sourceTree = "<group>";
		};
		EFB163C16B328893D8BA7F90 /* Pods */ = {
			isa = PBXGroup;
			children = (
				BC53A3888EDA0E28AA2461BE /* Pods-SunsetSunrise.debug.xcconfig */,
				2C1957ACF14A0AC3B1CE134F /* Pods-SunsetSunrise.release.xcconfig */,
			);
			path = Pods;
			sourceTree = "<group>";
		};
/* End PBXGroup section */

/* Begin PBXNativeTarget section */
		9E2CA7A22267356600AA2093 /* SunsetSunrise */ = {
			isa = PBXNativeTarget;
			buildConfigurationList = 9E2CA7B52267356900AA2093 /* Build configuration list for PBXNativeTarget "SunsetSunrise" */;
			buildPhases = (
				7C24246D6973720C050DE266 /* [CP] Check Pods Manifest.lock */,
				9E2CA79F2267356600AA2093 /* Sources */,
				9E2CA7A02267356600AA2093 /* Frameworks */,
				9E2CA7A12267356600AA2093 /* Resources */,
				D8927F72DCC711BF94B831B7 /* [CP] Copy Pods Resources */,
			);
			buildRules = (
			);
			dependencies = (
			);
			name = SunsetSunrise;
			productName = SunsetSunrise;
			productReference = 9E2CA7A32267356600AA2093 /* SunsetSunrise.app */;
			productType = "com.apple.product-type.application";
		};
/* End PBXNativeTarget section */

/* Begin PBXProject section */
		9E2CA79B2267356600AA2093 /* Project object */ = {
			isa = PBXProject;
			attributes = {
				LastSwiftUpdateCheck = 1020;
				LastUpgradeCheck = 1020;
				ORGANIZATIONNAME = "Sebastian Laursen";
				TargetAttributes = {
					9E2CA7A22267356600AA2093 = {
						CreatedOnToolsVersion = 10.2;
					};
				};
			};
			buildConfigurationList = 9E2CA79E2267356600AA2093 /* Build configuration list for PBXProject "SunsetSunrise" */;
			compatibilityVersion = "Xcode 9.3";
			developmentRegion = en;
			hasScannedForEncodings = 0;
			knownRegions = (
				en,
				Base,
			);
			mainGroup = 9E2CA79A2267356600AA2093;
			productRefGroup = 9E2CA7A42267356600AA2093 /* Products */;
			projectDirPath = "";
			projectRoot = "";
			targets = (
				9E2CA7A22267356600AA2093 /* SunsetSunrise */,
			);
		};
/* End PBXProject section */

/* Begin PBXResourcesBuildPhase section */
		9E2CA7A12267356600AA2093 /* Resources */ = {
			isa = PBXResourcesBuildPhase;
			buildActionMask = 2147483647;
			files = (
				9E2CA7B12267356900AA2093 /* LaunchScreen.storyboard in Resources */,
				9E2CA7AE2267356900AA2093 /* Assets.xcassets in Resources */,
				9E2CA7C222677E1C00AA2093 /* Podfile in Resources */,
				9E2CA7AC2267356600AA2093 /* Main.storyboard in Resources */,
			);
			runOnlyForDeploymentPostprocessing = 0;
		};
/* End PBXResourcesBuildPhase section */

/* Begin PBXShellScriptBuildPhase section */
		7C24246D6973720C050DE266 /* [CP] Check Pods Manifest.lock */ = {
			isa = PBXShellScriptBuildPhase;
			buildActionMask = 2147483647;
			files = (
			);
			inputFileListPaths = (
			);
			inputPaths = (
				"${PODS_PODFILE_DIR_PATH}/Podfile.lock",
				"${PODS_ROOT}/Manifest.lock",
			);
			name = "[CP] Check Pods Manifest.lock";
			outputFileListPaths = (
			);
			outputPaths = (
				"$(DERIVED_FILE_DIR)/Pods-SunsetSunrise-checkManifestLockResult.txt",
			);
			runOnlyForDeploymentPostprocessing = 0;
			shellPath = /bin/sh;
			shellScript = "diff \"${PODS_PODFILE_DIR_PATH}/Podfile.lock\" \"${PODS_ROOT}/Manifest.lock\" > /dev/null\nif [ $? != 0 ] ; then\n    # print error to STDERR\n    echo \"error: The sandbox is not in sync with the Podfile.lock. Run 'pod install' or update your CocoaPods installation.\" >&2\n    exit 1\nfi\n# This output is used by Xcode 'outputs' to avoid re-running this script phase.\necho \"SUCCESS\" > \"${SCRIPT_OUTPUT_FILE_0}\"\n";
			showEnvVarsInLog = 0;
		};
		D8927F72DCC711BF94B831B7 /* [CP] Copy Pods Resources */ = {
			isa = PBXShellScriptBuildPhase;
			buildActionMask = 2147483647;
			files = (
			);
			inputFileListPaths = (
			);
			inputPaths = (
				"${PODS_ROOT}/Target Support Files/Pods-SunsetSunrise/Pods-SunsetSunrise-resources.sh",
				"${PODS_ROOT}/GoogleMaps/Maps/Frameworks/GoogleMaps.framework/Resources/GoogleMaps.bundle",
				"${PODS_ROOT}/GooglePlaces/Frameworks/GooglePlaces.framework/Resources/GooglePlaces.bundle",
			);
			name = "[CP] Copy Pods Resources";
			outputFileListPaths = (
			);
			outputPaths = (
				"${TARGET_BUILD_DIR}/${UNLOCALIZED_RESOURCES_FOLDER_PATH}/GoogleMaps.bundle",
				"${TARGET_BUILD_DIR}/${UNLOCALIZED_RESOURCES_FOLDER_PATH}/GooglePlaces.bundle",
			);
			runOnlyForDeploymentPostprocessing = 0;
			shellPath = /bin/sh;
			shellScript = "\"${PODS_ROOT}/Target Support Files/Pods-SunsetSunrise/Pods-SunsetSunrise-resources.sh\"\n";
			showEnvVarsInLog = 0;
		};
/* End PBXShellScriptBuildPhase section */

/* Begin PBXSourcesBuildPhase section */
		9E2CA79F2267356600AA2093 /* Sources */ = {
			isa = PBXSourcesBuildPhase;
			buildActionMask = 2147483647;
			files = (
				9E2CA7DF2269935300AA2093 /* ViewControllerExtension.swift in Sources */,
				9E2CA7D02268C0FB00AA2093 /* RequestURL.swift in Sources */,
				9E2CA7E12269A86D00AA2093 /* CoreLocationManager.swift in Sources */,
				9E2CA7A92267356600AA2093 /* MainViewController.swift in Sources */,
				9E2CA7BE2267562400AA2093 /* DataDisplayViewController.swift in Sources */,
				9E2CA7CA2267EA3F00AA2093 /* SunInfo.swift in Sources */,
				9E2CA7CE22688FFF00AA2093 /* ModelController.swift in Sources */,
				9E2CA7D52268E55C00AA2093 /* FetchSunInfo.swift in Sources */,
				9E2CA7BC226755E800AA2093 /* MapLocationViewController.swift in Sources */,
				9E2CA7A72267356600AA2093 /* AppDelegate.swift in Sources */,
				9E2CA7C62267DA4B00AA2093 /* PopUpDatePickViewController.swift in Sources */,
				9E2CA7C422678AF900AA2093 /* SetupDataViewController.swift in Sources */,
				9E2CA7C82267EA1E00AA2093 /* LocationDate.swift in Sources */,
			);
			runOnlyForDeploymentPostprocessing = 0;
		};
/* End PBXSourcesBuildPhase section */

/* Begin PBXVariantGroup section */
		9E2CA7AA2267356600AA2093 /* Main.storyboard */ = {
			isa = PBXVariantGroup;
			children = (
				9E2CA7AB2267356600AA2093 /* Base */,
			);
			name = Main.storyboard;
			sourceTree = "<group>";
		};
		9E2CA7AF2267356900AA2093 /* LaunchScreen.storyboard */ = {
			isa = PBXVariantGroup;
			children = (
				9E2CA7B02267356900AA2093 /* Base */,
			);
			name = LaunchScreen.storyboard;
			sourceTree = "<group>";
		};
/* End PBXVariantGroup section */

/* Begin XCBuildConfiguration section */
		9E2CA7B32267356900AA2093 /* Debug */ = {
			isa = XCBuildConfiguration;
			buildSettings = {
				ALWAYS_SEARCH_USER_PATHS = NO;
				CLANG_ANALYZER_NONNULL = YES;
				CLANG_ANALYZER_NUMBER_OBJECT_CONVERSION = YES_AGGRESSIVE;
				CLANG_CXX_LANGUAGE_STANDARD = "gnu++14";
				CLANG_CXX_LIBRARY = "libc++";
				CLANG_ENABLE_MODULES = YES;
				CLANG_ENABLE_OBJC_ARC = YES;
				CLANG_ENABLE_OBJC_WEAK = YES;
				CLANG_WARN_BLOCK_CAPTURE_AUTORELEASING = YES;
				CLANG_WARN_BOOL_CONVERSION = YES;
				CLANG_WARN_COMMA = YES;
				CLANG_WARN_CONSTANT_CONVERSION = YES;
				CLANG_WARN_DEPRECATED_OBJC_IMPLEMENTATIONS = YES;
				CLANG_WARN_DIRECT_OBJC_ISA_USAGE = YES_ERROR;
				CLANG_WARN_DOCUMENTATION_COMMENTS = YES;
				CLANG_WARN_EMPTY_BODY = YES;
				CLANG_WARN_ENUM_CONVERSION = YES;
				CLANG_WARN_INFINITE_RECURSION = YES;
				CLANG_WARN_INT_CONVERSION = YES;
				CLANG_WARN_NON_LITERAL_NULL_CONVERSION = YES;
				CLANG_WARN_OBJC_IMPLICIT_RETAIN_SELF = YES;
				CLANG_WARN_OBJC_LITERAL_CONVERSION = YES;
				CLANG_WARN_OBJC_ROOT_CLASS = YES_ERROR;
				CLANG_WARN_RANGE_LOOP_ANALYSIS = YES;
				CLANG_WARN_STRICT_PROTOTYPES = YES;
				CLANG_WARN_SUSPICIOUS_MOVE = YES;
				CLANG_WARN_UNGUARDED_AVAILABILITY = YES_AGGRESSIVE;
				CLANG_WARN_UNREACHABLE_CODE = YES;
				CLANG_WARN__DUPLICATE_METHOD_MATCH = YES;
				CODE_SIGN_IDENTITY = "iPhone Developer";
				COPY_PHASE_STRIP = NO;
				DEBUG_INFORMATION_FORMAT = dwarf;
				ENABLE_STRICT_OBJC_MSGSEND = YES;
				ENABLE_TESTABILITY = YES;
				GCC_C_LANGUAGE_STANDARD = gnu11;
				GCC_DYNAMIC_NO_PIC = NO;
				GCC_NO_COMMON_BLOCKS = YES;
				GCC_OPTIMIZATION_LEVEL = 0;
				GCC_PREPROCESSOR_DEFINITIONS = (
					"DEBUG=1",
					"$(inherited)",
				);
				GCC_WARN_64_TO_32_BIT_CONVERSION = YES;
				GCC_WARN_ABOUT_RETURN_TYPE = YES_ERROR;
				GCC_WARN_UNDECLARED_SELECTOR = YES;
				GCC_WARN_UNINITIALIZED_AUTOS = YES_AGGRESSIVE;
				GCC_WARN_UNUSED_FUNCTION = YES;
				GCC_WARN_UNUSED_VARIABLE = YES;
				IPHONEOS_DEPLOYMENT_TARGET = 12.2;
				MTL_ENABLE_DEBUG_INFO = INCLUDE_SOURCE;
				MTL_FAST_MATH = YES;
				ONLY_ACTIVE_ARCH = YES;
				SDKROOT = iphoneos;
				SWIFT_ACTIVE_COMPILATION_CONDITIONS = DEBUG;
				SWIFT_OPTIMIZATION_LEVEL = "-Onone";
			};
			name = Debug;
		};
		9E2CA7B42267356900AA2093 /* Release */ = {
			isa = XCBuildConfiguration;
			buildSettings = {
				ALWAYS_SEARCH_USER_PATHS = NO;
				CLANG_ANALYZER_NONNULL = YES;
				CLANG_ANALYZER_NUMBER_OBJECT_CONVERSION = YES_AGGRESSIVE;
				CLANG_CXX_LANGUAGE_STANDARD = "gnu++14";
				CLANG_CXX_LIBRARY = "libc++";
				CLANG_ENABLE_MODULES = YES;
				CLANG_ENABLE_OBJC_ARC = YES;
				CLANG_ENABLE_OBJC_WEAK = YES;
				CLANG_WARN_BLOCK_CAPTURE_AUTORELEASING = YES;
				CLANG_WARN_BOOL_CONVERSION = YES;
				CLANG_WARN_COMMA = YES;
				CLANG_WARN_CONSTANT_CONVERSION = YES;
				CLANG_WARN_DEPRECATED_OBJC_IMPLEMENTATIONS = YES;
				CLANG_WARN_DIRECT_OBJC_ISA_USAGE = YES_ERROR;
				CLANG_WARN_DOCUMENTATION_COMMENTS = YES;
				CLANG_WARN_EMPTY_BODY = YES;
				CLANG_WARN_ENUM_CONVERSION = YES;
				CLANG_WARN_INFINITE_RECURSION = YES;
				CLANG_WARN_INT_CONVERSION = YES;
				CLANG_WARN_NON_LITERAL_NULL_CONVERSION = YES;
				CLANG_WARN_OBJC_IMPLICIT_RETAIN_SELF = YES;
				CLANG_WARN_OBJC_LITERAL_CONVERSION = YES;
				CLANG_WARN_OBJC_ROOT_CLASS = YES_ERROR;
				CLANG_WARN_RANGE_LOOP_ANALYSIS = YES;
				CLANG_WARN_STRICT_PROTOTYPES = YES;
				CLANG_WARN_SUSPICIOUS_MOVE = YES;
				CLANG_WARN_UNGUARDED_AVAILABILITY = YES_AGGRESSIVE;
				CLANG_WARN_UNREACHABLE_CODE = YES;
				CLANG_WARN__DUPLICATE_METHOD_MATCH = YES;
				CODE_SIGN_IDENTITY = "iPhone Developer";
				COPY_PHASE_STRIP = NO;
				DEBUG_INFORMATION_FORMAT = "dwarf-with-dsym";
				ENABLE_NS_ASSERTIONS = NO;
				ENABLE_STRICT_OBJC_MSGSEND = YES;
				GCC_C_LANGUAGE_STANDARD = gnu11;
				GCC_NO_COMMON_BLOCKS = YES;
				GCC_WARN_64_TO_32_BIT_CONVERSION = YES;
				GCC_WARN_ABOUT_RETURN_TYPE = YES_ERROR;
				GCC_WARN_UNDECLARED_SELECTOR = YES;
				GCC_WARN_UNINITIALIZED_AUTOS = YES_AGGRESSIVE;
				GCC_WARN_UNUSED_FUNCTION = YES;
				GCC_WARN_UNUSED_VARIABLE = YES;
				IPHONEOS_DEPLOYMENT_TARGET = 12.2;
				MTL_ENABLE_DEBUG_INFO = NO;
				MTL_FAST_MATH = YES;
				SDKROOT = iphoneos;
				SWIFT_COMPILATION_MODE = wholemodule;
				SWIFT_OPTIMIZATION_LEVEL = "-O";
				VALIDATE_PRODUCT = YES;
			};
			name = Release;
		};
		9E2CA7B62267356900AA2093 /* Debug */ = {
			isa = XCBuildConfiguration;
			baseConfigurationReference = BC53A3888EDA0E28AA2461BE /* Pods-SunsetSunrise.debug.xcconfig */;
			buildSettings = {
				ASSETCATALOG_COMPILER_APPICON_NAME = AppIcon;
				CODE_SIGN_STYLE = Automatic;
				DEVELOPMENT_TEAM = QBW427CVRQ;
				INFOPLIST_FILE = SunsetSunrise/Info.plist;
				LD_RUNPATH_SEARCH_PATHS = (
					"$(inherited)",
					"@executable_path/Frameworks",
				);
				PRODUCT_BUNDLE_IDENTIFIER = "ios-app.SunsetSunrise";
				PRODUCT_NAME = "$(TARGET_NAME)";
				SWIFT_VERSION = 4.2;
				TARGETED_DEVICE_FAMILY = 1;
			};
			name = Debug;
		};
		9E2CA7B72267356900AA2093 /* Release */ = {
			isa = XCBuildConfiguration;
			baseConfigurationReference = 2C1957ACF14A0AC3B1CE134F /* Pods-SunsetSunrise.release.xcconfig */;
			buildSettings = {
				ASSETCATALOG_COMPILER_APPICON_NAME = AppIcon;
				CODE_SIGN_STYLE = Automatic;
				DEVELOPMENT_TEAM = QBW427CVRQ;
				INFOPLIST_FILE = SunsetSunrise/Info.plist;
				LD_RUNPATH_SEARCH_PATHS = (
					"$(inherited)",
					"@executable_path/Frameworks",
				);
				PRODUCT_BUNDLE_IDENTIFIER = "ios-app.SunsetSunrise";
				PRODUCT_NAME = "$(TARGET_NAME)";
				SWIFT_VERSION = 4.2;
				TARGETED_DEVICE_FAMILY = 1;
			};
			name = Release;
		};
/* End XCBuildConfiguration section */

/* Begin XCConfigurationList section */
		9E2CA79E2267356600AA2093 /* Build configuration list for PBXProject "SunsetSunrise" */ = {
			isa = XCConfigurationList;
			buildConfigurations = (
				9E2CA7B32267356900AA2093 /* Debug */,
				9E2CA7B42267356900AA2093 /* Release */,
			);
			defaultConfigurationIsVisible = 0;
			defaultConfigurationName = Release;
		};
		9E2CA7B52267356900AA2093 /* Build configuration list for PBXNativeTarget "SunsetSunrise" */ = {
			isa = XCConfigurationList;
			buildConfigurations = (
				9E2CA7B62267356900AA2093 /* Debug */,
				9E2CA7B72267356900AA2093 /* Release */,
			);
			defaultConfigurationIsVisible = 0;
			defaultConfigurationName = Release;
		};
/* End XCConfigurationList section */
	};
	rootObject = 9E2CA79B2267356600AA2093 /* Project object */;
}
